
Microsoft Visual Studio Solution File, Format Version 12.00
Project("{F2A71F9B-5D33-465A-A702-920D77279786}") = "Advent.Solution.Console", "Advent.Solution.Console\Advent.Solution.Console.fsproj", "{9067464C-22A3-4A57-B32D-08C3BF71A72C}"
EndProject
Project("{F2A71F9B-5D33-465A-A702-920D77279786}") = "Advent.Solution.Day", "Advent.Solution.Day\Advent.Solution.Day.fsproj", "{89D2F54E-3B51-4F3E-ABF5-DDB374DA94FB}"
EndProject
Project("{F2A71F9B-5D33-465A-A702-920D77279786}") = "Advent.Solution.Day001", "Advent.Solution.Day001\Advent.Solution.Day001.fsproj", "{9C60DCB5-6375-4F10-8AB1-F028174F66E3}"
EndProject
Project("{F2A71F9B-5D33-465A-A702-920D77279786}") = "Advent.Solution.Day002", "Advent.Solution.Day002\Advent.Solution.Day002.fsproj", "{5746C85B-59B9-408A-8A6F-A60C33588330}"
EndProject
Project("{F2A71F9B-5D33-465A-A702-920D77279786}") = "Advent.Solution.Day003", "Advent.Solution.Day003\Advent.Solution.Day003.fsproj", "{62466092-9B39-4450-8B1E-000D21E6DA35}"
EndProject
Project("{F2A71F9B-5D33-465A-A702-920D77279786}") = "Advent.Solution.Day004", "Advent.Solution.Day004\Advent.Solution.Day004.fsproj", "{1AC35FA3-3F6E-45D7-9189-D89578FB8311}"
EndProject
Project("{F2A71F9B-5D33-465A-A702-920D77279786}") = "Advent.Solution.Day005", "Advent.Solution.Day005\Advent.Solution.Day005.fsproj", "{10811D74-0969-4BB2-89E1-44C3F240E2C8}"
EndProject
Project("{F2A71F9B-5D33-465A-A702-920D77279786}") = "Advent.Solution.Day006", "Advent.Solution.Day006\Advent.Solution.Day006.fsproj", "{DA99CE4A-4764-4120-B964-C410BBB59404}"
EndProject
Project("{F2A71F9B-5D33-465A-A702-920D77279786}") = "Advent.Solution.Day007", "Advent.Solution.Day007\Advent.Solution.Day007.fsproj", "{D11B8415-28DF-4BF5-8AD8-52B0869B2130}"
EndProject
Project("{F2A71F9B-5D33-465A-A702-920D77279786}") = "Advent.Solution.Day008", "Advent.Solution.Day008\Advent.Solution.Day008.fsproj", "{83DE8BBE-B85B-4F0F-997B-2864973B9AAA}"
EndProject
Global
	GlobalSection(SolutionConfigurationPlatforms) = preSolution
		Debug|Any CPU = Debug|Any CPU
		Release|Any CPU = Release|Any CPU
	EndGlobalSection
	GlobalSection(ProjectConfigurationPlatforms) = postSolution
		{9067464C-22A3-4A57-B32D-08C3BF71A72C}.Debug|Any CPU.ActiveCfg = Debug|Any CPU
		{9067464C-22A3-4A57-B32D-08C3BF71A72C}.Debug|Any CPU.Build.0 = Debug|Any CPU
		{9067464C-22A3-4A57-B32D-08C3BF71A72C}.Release|Any CPU.ActiveCfg = Release|Any CPU
		{9067464C-22A3-4A57-B32D-08C3BF71A72C}.Release|Any CPU.Build.0 = Release|Any CPU
		{89D2F54E-3B51-4F3E-ABF5-DDB374DA94FB}.Debug|Any CPU.ActiveCfg = Debug|Any CPU
		{89D2F54E-3B51-4F3E-ABF5-DDB374DA94FB}.Debug|Any CPU.Build.0 = Debug|Any CPU
		{89D2F54E-3B51-4F3E-ABF5-DDB374DA94FB}.Release|Any CPU.ActiveCfg = Release|Any CPU
		{89D2F54E-3B51-4F3E-ABF5-DDB374DA94FB}.Release|Any CPU.Build.0 = Release|Any CPU
		{9C60DCB5-6375-4F10-8AB1-F028174F66E3}.Debug|Any CPU.ActiveCfg = Debug|Any CPU
		{9C60DCB5-6375-4F10-8AB1-F028174F66E3}.Debug|Any CPU.Build.0 = Debug|Any CPU
		{9C60DCB5-6375-4F10-8AB1-F028174F66E3}.Release|Any CPU.ActiveCfg = Release|Any CPU
		{9C60DCB5-6375-4F10-8AB1-F028174F66E3}.Release|Any CPU.Build.0 = Release|Any CPU
		{5746C85B-59B9-408A-8A6F-A60C33588330}.Debug|Any CPU.ActiveCfg = Debug|Any CPU
		{5746C85B-59B9-408A-8A6F-A60C33588330}.Debug|Any CPU.Build.0 = Debug|Any CPU
		{5746C85B-59B9-408A-8A6F-A60C33588330}.Release|Any CPU.ActiveCfg = Release|Any CPU
		{5746C85B-59B9-408A-8A6F-A60C33588330}.Release|Any CPU.Build.0 = Release|Any CPU
		{62466092-9B39-4450-8B1E-000D21E6DA35}.Debug|Any CPU.ActiveCfg = Debug|Any CPU
		{62466092-9B39-4450-8B1E-000D21E6DA35}.Debug|Any CPU.Build.0 = Debug|Any CPU
		{62466092-9B39-4450-8B1E-000D21E6DA35}.Release|Any CPU.ActiveCfg = Release|Any CPU
		{62466092-9B39-4450-8B1E-000D21E6DA35}.Release|Any CPU.Build.0 = Release|Any CPU
		{1AC35FA3-3F6E-45D7-9189-D89578FB8311}.Debug|Any CPU.ActiveCfg = Debug|Any CPU
		{1AC35FA3-3F6E-45D7-9189-D89578FB8311}.Debug|Any CPU.Build.0 = Debug|Any CPU
		{1AC35FA3-3F6E-45D7-9189-D89578FB8311}.Release|Any CPU.ActiveCfg = Release|Any CPU
		{1AC35FA3-3F6E-45D7-9189-D89578FB8311}.Release|Any CPU.Build.0 = Release|Any CPU
		{10811D74-0969-4BB2-89E1-44C3F240E2C8}.Debug|Any CPU.ActiveCfg = Debug|Any CPU
		{10811D74-0969-4BB2-89E1-44C3F240E2C8}.Debug|Any CPU.Build.0 = Debug|Any CPU
		{10811D74-0969-4BB2-89E1-44C3F240E2C8}.Release|Any CPU.ActiveCfg = Release|Any CPU
		{10811D74-0969-4BB2-89E1-44C3F240E2C8}.Release|Any CPU.Build.0 = Release|Any CPU
		{DA99CE4A-4764-4120-B964-C410BBB59404}.Debug|Any CPU.ActiveCfg = Debug|Any CPU
		{DA99CE4A-4764-4120-B964-C410BBB59404}.Debug|Any CPU.Build.0 = Debug|Any CPU
		{DA99CE4A-4764-4120-B964-C410BBB59404}.Release|Any CPU.ActiveCfg = Release|Any CPU
		{DA99CE4A-4764-4120-B964-C410BBB59404}.Release|Any CPU.Build.0 = Release|Any CPU
		{D11B8415-28DF-4BF5-8AD8-52B0869B2130}.Debug|Any CPU.ActiveCfg = Debug|Any CPU
		{D11B8415-28DF-4BF5-8AD8-52B0869B2130}.Debug|Any CPU.Build.0 = Debug|Any CPU
		{D11B8415-28DF-4BF5-8AD8-52B0869B2130}.Release|Any CPU.ActiveCfg = Release|Any CPU
		{D11B8415-28DF-4BF5-8AD8-52B0869B2130}.Release|Any CPU.Build.0 = Release|Any CPU
		{83DE8BBE-B85B-4F0F-997B-2864973B9AAA}.Debug|Any CPU.ActiveCfg = Debug|Any CPU
		{83DE8BBE-B85B-4F0F-997B-2864973B9AAA}.Debug|Any CPU.Build.0 = Debug|Any CPU
		{83DE8BBE-B85B-4F0F-997B-2864973B9AAA}.Release|Any CPU.ActiveCfg = Release|Any CPU
		{83DE8BBE-B85B-4F0F-997B-2864973B9AAA}.Release|Any CPU.Build.0 = Release|Any CPU
	EndGlobalSection
EndGlobal
